
Microsoft Visual Studio Solution File, Format Version 12.00
# Visual Studio Version 17
VisualStudioVersion = 17.0.31903.59
MinimumVisualStudioVersion = 10.0.40219.1
Project("{2150E333-8FDC-42A3-9474-1A3956D46DE8}") = "src", "src", "{86AE3C79-BB49-4FFF-B596-C120C1DA6734}"
EndProject
Project("{FAE04EC0-301F-11D3-BF4B-00C04F79EFBC}") = "FftConsoleApp", "src\FftConsoleApp\FftConsoleApp.csproj", "{89512E39-9D54-4000-BA69-757C8E3708D9}"
EndProject
Project("{2150E333-8FDC-42A3-9474-1A3956D46DE8}") = "tests", "tests", "{EC31EA6C-4728-45B3-8034-BAA193E9C337}"
EndProject
Project("{FAE04EC0-301F-11D3-BF4B-00C04F79EFBC}") = "FftConsoleApp.Tests", "tests\FftConsoleApp.Tests\FftConsoleApp.Tests.csproj", "{34B8FCCC-ED7E-4A8A-9D2C-989F1433BB23}"
EndProject
Global
	GlobalSection(SolutionConfigurationPlatforms) = preSolution
		Debug|Any CPU = Debug|Any CPU
		Release|Any CPU = Release|Any CPU
	EndGlobalSection
	GlobalSection(SolutionProperties) = preSolution
		HideSolutionNode = FALSE
	EndGlobalSection
	GlobalSection(ProjectConfigurationPlatforms) = postSolution
		{89512E39-9D54-4000-BA69-757C8E3708D9}.Debug|Any CPU.ActiveCfg = Debug|Any CPU
		{89512E39-9D54-4000-BA69-757C8E3708D9}.Debug|Any CPU.Build.0 = Debug|Any CPU
		{89512E39-9D54-4000-BA69-757C8E3708D9}.Release|Any CPU.ActiveCfg = Release|Any CPU
		{89512E39-9D54-4000-BA69-757C8E3708D9}.Release|Any CPU.Build.0 = Release|Any CPU
		{34B8FCCC-ED7E-4A8A-9D2C-989F1433BB23}.Debug|Any CPU.ActiveCfg = Debug|Any CPU
		{34B8FCCC-ED7E-4A8A-9D2C-989F1433BB23}.Debug|Any CPU.Build.0 = Debug|Any CPU
		{34B8FCCC-ED7E-4A8A-9D2C-989F1433BB23}.Release|Any CPU.ActiveCfg = Release|Any CPU
		{34B8FCCC-ED7E-4A8A-9D2C-989F1433BB23}.Release|Any CPU.Build.0 = Release|Any CPU
	EndGlobalSection
	GlobalSection(NestedProjects) = preSolution
		{89512E39-9D54-4000-BA69-757C8E3708D9} = {86AE3C79-BB49-4FFF-B596-C120C1DA6734}
		{34B8FCCC-ED7E-4A8A-9D2C-989F1433BB23} = {EC31EA6C-4728-45B3-8034-BAA193E9C337}
	EndGlobalSection
EndGlobal
